{
  "lockfileVersion": 1,
  "configVersion": 1,
  "workspaces": {
    "": {
      "name": "opencode-kiconnect",
      "dependencies": {
        "@ai-sdk/openai-compatible": "^1.0.0",
        "@opencode-ai/plugin": "^0.15.31",
      },
      "devDependencies": {
        "@types/node": "^22.0.0",
        "typescript": "^5.0.0",
      },
      "peerDependencies": {
        "typescript": "^5",
      },
    },
  },
  "packages": {
    "@ai-sdk/openai-compatible": ["@ai-sdk/openai-compatible@1.0.54", "", { "dependencies": { "@ai-sdk/provider": "2.0.4", "@ai-sdk/provider-utils": "3.0.37" }, "peerDependencies": { "zod": "^3.25.76 || ^4.1.8" } }, "sha512-3wY1L21FLhfKN6I1nQeWgFzDCeBiRxXwU2guE9BCixSLfOPtkJ0vyF7zo7lbnAg1y7tz6RDPq/o+AJf6QSL55g=="],

    "@ai-sdk/provider": ["@ai-sdk/provider@2.0.4", "", { "dependencies": { "json-schema": "^0.4.0" } }, "sha512-B0M50w0W43jTzZGyZrNwwaK1M79aKPw6PD/dQhkBR7vkR68yCINWBo2CbBLJrbrqYc46TaiSfsTiT+S9EmVl0w=="],

    "@ai-sdk/provider-utils": ["@ai-sdk/provider-utils@3.0.37", "", { "dependencies": { "@ai-sdk/provider": "2.0.4", "@standard-schema/spec": "^1.0.0", "eventsource-parser": "^3.0.6", "undici": "^5.29.0" }, "peerDependencies": { "zod": "^3.25.76 || ^4.1.8" } }, "sha512-mLx1SgE20xKQ87xME+9uG6pFlYPTqGDrMFrZ6XcytDnmbWGwmCIh2Xb9zFrfXUrKycSFRDet4Zovj388L9b1dg=="],

    "@fastify/busboy": ["@fastify/busboy@2.1.1", "", {}, "sha512-vBZP4NlzfOlerQTnba4aqZoMhE/a9HY7HRqoOPaETQcSQuWEIyZMHGfVu6w9wGtGK5fED5qRs2DteVCjOH60sA=="],

    "@opencode-ai/plugin": ["@opencode-ai/plugin@0.15.31", "", { "dependencies": { "@opencode-ai/sdk": "0.15.31", "zod": "4.1.8" } }, "sha512-htKKCq9Htljf7vX5ANLDB7bU7TeJYrl8LP2CQUtCAguKUpVvpj5tiZ+edlCdhGFEqlpSp+pkiTEY5LCv1muowg=="],

    "@opencode-ai/sdk": ["@opencode-ai/sdk@0.15.31", "", {}, "sha512-95HWBiNKQnwsubkR2E7QhBD/CH9yteZGrviWar0aKHWu8/RjWw9m7Znbv8DI+y6i2dMwBBcGQ8LJ7x0abzys4A=="],

    "@standard-schema/spec": ["@standard-schema/spec@1.1.0", "", {}, "sha512-l2aFy5jALhniG5HgqrD6jXLi/rUWrKvqN/qJx6yoJsgKhblVd+iqqU4RCXavm/jPityDo5TCvKMnpjKnOriy0w=="],

    "@types/node": ["@types/node@22.20.4", "", { "dependencies": { "undici-types": "~6.21.0" } }, "sha512-zJRE40jpHtKqE/C4fgHrAKQLJuSpzEnP9ff9Y7YtoR3Wd2pwqzlekDeEuUQXjRd+QCYnVnNwuJYmhdk9XV8gvA=="],

    "eventsource-parser": ["eventsource-parser@3.1.1", "", {}, "sha512-EKN1vKAMcZ8MlYMpaNuxN6R9yakzH6uajHcHVTqWJzvu5pWw9DyhbP35HH8MVBQ+dZjAfDxk+A8NiR9KWaXiyQ=="],

    "json-schema": ["json-schema@0.4.0", "", {}, "sha512-es94M3nTIfsEPisRafak+HDLfHXnKBhV3vU5eqPcS3flIWqcxJWgXHXiey3YrpaNsanY5ei1VoYEbOzijuq9BA=="],

    "typescript": ["typescript@5.9.3", "", { "bin": { "tsc": "bin/tsc", "tsserver": "bin/tsserver" } }, "sha512-jl1vZzPDinLr9eUt3J/t7V6FgNEw9QjvBPdysz9KfQDD41fQrC2Y4vKQdiaUpFT4bXlb1RHhLpp8wtm6M5TgSw=="],

    "undici": ["undici@5.29.0", "", { "dependencies": { "@fastify/busboy": "^2.0.0" } }, "sha512-raqeBD6NQK4SkWhQzeYKd1KmIG6dllBOTt55Rmkt4HtI9mwdWtJljnrXjAFUBLTSN67HWrOIZ3EPF4kjUw80Bg=="],

    "undici-types": ["undici-types@6.21.0", "", {}, "sha512-iwDZqg0QAGrg9Rav5H4n0M64c3mkR59cJ6wQp+7C4nI0gsmExaedaYLNO44eT4AtBBwjbTiGPMlt2Md0T9H9JQ=="],

    "zod": ["zod@4.1.8", "", {}, "sha512-5R1P+WwQqmmMIEACyzSvo4JXHY5WiAFHRMg+zBZKgKS+Q1viRa0C1hmUKtHltoIFKtIdki3pRxkmpP74jnNYHQ=="],
  }
}
